<?xml version="1.0" encoding="utf-8"?>
<Project ToolsVersion="4.0" xmlns="http://schemas.microsoft.com/developer/msbuild/2003">
  <ItemGroup>
    <Filter Include="Core">
      <UniqueIdentifier>{4FC737F1-C7A5-4376-A066-2A32D752A2FF}</UniqueIdentifier>
      <Extensions>cpp;c;cc;cxx;c++;cppm;ixx;def;odl;idl;hpj;bat;asm;asmx</Extensions>
    </Filter>
    <Filter Include="Graphics">
      <UniqueIdentifier>{67DA6AB6-F800-4c08-8B7A-83BB121AAD01}</UniqueIdentifier>
      <Extensions>rc;ico;cur;bmp;dlg;rc2;rct;bin;rgs;gif;jpg;jpeg;jpe;resx;tiff;tif;png;wav;mfcribbon-ms</Extensions>
    </Filter>
    <Filter Include="Input">
      <UniqueIdentifier>{d7bff605-0a99-4717-b528-0a373ac5e43d}</UniqueIdentifier>
    </Filter>
    <Filter Include="UI">
      <UniqueIdentifier>{f2e58ae6-6615-4c2c-ae36-90743432242c}</UniqueIdentifier>
    </Filter>
    <Filter Include="Editor">
      <UniqueIdentifier>{4be3e983-1f4a-4a06-81f4-f1ab278126c5}</UniqueIdentifier>
    </Filter>
    <Filter Include="Headers">
      <UniqueIdentifier>{503cff9e-63b4-4f3e-8163-6dfdd46e9f3d}</UniqueIdentifier>
    </Filter>
    <Filter Include="Headers\Graphics">
      <UniqueIdentifier>{4c0614c7-2bf8-44e5-b82b-7f2d7348aff5}</UniqueIdentifier>
    </Filter>
    <Filter Include="Headers\UI">
      <UniqueIdentifier>{375f1597-7975-4b55-84fa-4b8ff28a6b85}</UniqueIdentifier>
    </Filter>
  </ItemGroup>
  <ItemGroup>
    <ClCompile Include="Core\ME_Main.cpp" />
    <ClCompile Include="Graphics\gl.c">
      <Filter>Graphics</Filter>
    </ClCompile>
    <ClCompile Include="Graphics\RTXLoader.cpp">
      <Filter>Graphics</Filter>
    </ClCompile>
    <ClCompile Include="Graphics\SplashScene.cpp">
      <Filter>Graphics</Filter>
    </ClCompile>
    <ClCompile Include="Graphics\rtx_to_bitmap.cpp">
      <Filter>Graphics</Filter>
    </ClCompile>
    <ClCompile Include="UI\Editor\Panel.cpp">
      <Filter>UI</Filter>
    </ClCompile>
    <ClCompile Include="UI\Editor\DockGroup.cpp">
      <Filter>UI</Filter>
    </ClCompile>
    <ClCompile Include="UI\Editor\DockManager.cpp">
      <Filter>UI</Filter>
    </ClCompile>
    <ClCompile Include="UI\Editor\MainTabBar.cpp">
      <Filter>UI</Filter>
    </ClCompile>
    <ClCompile Include="Graphics\SceneManager.cpp">
      <Filter>Graphics</Filter>
    </ClCompile>
    <ClCompile Include="Graphics\Canvas2DPanel.cpp">
      <Filter>Graphics</Filter>
    </ClCompile>
  </ItemGroup>
  <ItemGroup>
    <ClInclude Include="..\include\MuxEngine.h">
      <Filter>Headers</Filter>
    </ClInclude>
    <ClInclude Include="..\include\Graphics\RTXLoader.h">
      <Filter>Headers\Graphics</Filter>
    </ClInclude>
    <ClInclude Include="..\include\Graphics\SplashScene.h">
      <Filter>Headers\Graphics</Filter>
    </ClInclude>
    <ClInclude Include="..\include\Graphics\rtx_to_bitmap.h">
      <Filter>Headers\Graphics</Filter>
    </ClInclude>
    <ClInclude Include="..\include\Define_Global.h">
      <Filter>Headers</Filter>
    </ClInclude>
    <ClInclude Include="resource.h" />
    <ClInclude Include="..\include\UI\Panel.h">
      <Filter>Headers\UI</Filter>
    </ClInclude>
    <ClInclude Include="..\include\UI\DockGroup.h">
      <Filter>Headers\UI</Filter>
    </ClInclude>
    <ClInclude Include="..\include\UI\DockManager.h">
      <Filter>Headers\UI</Filter>
    </ClInclude>
    <ClInclude Include="..\include\UI\MainTabBar.h">
      <Filter>Headers\UI</Filter>
    </ClInclude>
    <ClInclude Include="..\external\include\SDL2\SDL_image.h">
      <Filter>Graphics</Filter>
    </ClInclude>
    <ClInclude Include="..\include\Graphics\SceneManager.h">
      <Filter>Headers\Graphics</Filter>
    </ClInclude>
    <ClInclude Include="..\include\Graphics\Canvas2DPanel.h">
      <Filter>Headers\Graphics</Filter>
    </ClInclude>
  </ItemGroup>
  <ItemGroup>
    <ResourceCompile Include="ME1.rc">
      <Filter>Graphics</Filter>
    </ResourceCompile>
  </ItemGroup>
  <ItemGroup>
    <Image Include="..\..\..\Users\jorel\Downloads\ComingViewdELEXE.ico">
      <Filter>Graphics</Filter>
    </Image>
    <Image Include="..\..\..\Users\jorel\Downloads\ComingView.ico">
      <Filter>Graphics</Filter>
    </Image>
  </ItemGroup>
</Project>